{
  "name": "@ershisan99/create-react-component",
  "version": "0.1.6",
  "lockfileVersion": 3,
  "requires": true,
  "packages": {
    "": {
      "name": "@ershisan99/create-react-component",
      "version": "0.1.6",
      "hasInstallScript": true,
      "dependencies": {
        "@ershisan99/go-npm": "^0.1.14"
      }
    },
    "node_modules/@ershisan99/go-npm": {
      "version": "0.1.14",
      "resolved": "https://registry.npmjs.org/@ershisan99/go-npm/-/go-npm-0.1.14.tgz",
      "integrity": "sha512-1xLTMhRQ4qJ35yzA9p6LoT1XI9b5e4CfMwntxP8lWhQPZRscxwepQpE+xR02yP9IDS4VfdUJmWnog58HvI3EOA==",
      "bin": {
        "go-npm": "bin/index.js"
      }
    }
  }
}
